
Microsoft Visual Studio Solution File, Format Version 12.00
# Visual Studio 15
VisualStudioVersion = 15.0.27703.2035
MinimumVisualStudioVersion = 10.0.40219.1
Project("{FAE04EC0-301F-11D3-BF4B-00C04F79EFBC}") = "Lab1Part1", "Lab1Part1\Lab1Part1.csproj", "{B785A100-B60A-4040-AABE-3EB76AE88A09}"
EndProject
Global
	GlobalSection(SolutionConfigurationPlatforms) = preSolution
		Debug|Any CPU = Debug|Any CPU
		Release|Any CPU = Release|Any CPU
	EndGlobalSection
	GlobalSection(ProjectConfigurationPlatforms) = postSolution
		{B785A100-B60A-4040-AABE-3EB76AE88A09}.Debug|Any CPU.ActiveCfg = Debug|Any CPU
		{B785A100-B60A-4040-AABE-3EB76AE88A09}.Debug|Any CPU.Build.0 = Debug|Any CPU
		{B785A100-B60A-4040-AABE-3EB76AE88A09}.Release|Any CPU.ActiveCfg = Release|Any CPU
		{B785A100-B60A-4040-AABE-3EB76AE88A09}.Release|Any CPU.Build.0 = Release|Any CPU
	EndGlobalSection
	GlobalSection(SolutionProperties) = preSolution
		HideSolutionNode = FALSE
	EndGlobalSection
	GlobalSection(ExtensibilityGlobals) = postSolution
		SolutionGuid = {F0217941-BFAA-46C5-9B2B-AEF6C3CC43FF}
	EndGlobalSection
EndGlobal
