
Microsoft Visual Studio Solution File, Format Version 12.00
# Visual Studio 15
VisualStudioVersion = 15.0.27703.2035
MinimumVisualStudioVersion = 10.0.40219.1
Project("{FAE04EC0-301F-11D3-BF4B-00C04F79EFBC}") = "Lab1Part2", "Lab1Part2\Lab1Part2.csproj", "{B7B02632-54BF-4635-9A27-B3C57BF6011A}"
EndProject
Global
	GlobalSection(SolutionConfigurationPlatforms) = preSolution
		Debug|Any CPU = Debug|Any CPU
		Release|Any CPU = Release|Any CPU
	EndGlobalSection
	GlobalSection(ProjectConfigurationPlatforms) = postSolution
		{B7B02632-54BF-4635-9A27-B3C57BF6011A}.Debug|Any CPU.ActiveCfg = Debug|Any CPU
		{B7B02632-54BF-4635-9A27-B3C57BF6011A}.Debug|Any CPU.Build.0 = Debug|Any CPU
		{B7B02632-54BF-4635-9A27-B3C57BF6011A}.Release|Any CPU.ActiveCfg = Release|Any CPU
		{B7B02632-54BF-4635-9A27-B3C57BF6011A}.Release|Any CPU.Build.0 = Release|Any CPU
	EndGlobalSection
	GlobalSection(SolutionProperties) = preSolution
		HideSolutionNode = FALSE
	EndGlobalSection
	GlobalSection(ExtensibilityGlobals) = postSolution
		SolutionGuid = {A3D4641E-65F6-423B-8559-1F690BF6EE61}
	EndGlobalSection
EndGlobal
